
Microsoft Visual Studio Solution File, Format Version 12.00
# Visual Studio 15
VisualStudioVersion = 15.0.27703.2000
MinimumVisualStudioVersion = 10.0.40219.1
Project("{FAE04EC0-301F-11D3-BF4B-00C04F79EFBC}") = "ProgressBarDemo.Android", "ProgressBarDemo\ProgressBarDemo.Android\ProgressBarDemo.Android.csproj", "{4FBDF7A3-8D23-46FC-AF90-BEA34B3FAE40}"
EndProject
Project("{FAE04EC0-301F-11D3-BF4B-00C04F79EFBC}") = "ProgressBarDemo.iOS", "ProgressBarDemo\ProgressBarDemo.iOS\ProgressBarDemo.iOS.csproj", "{F04D69EA-C5D5-4985-BBA7-2BD8C5915C98}"
EndProject
Project("{FAE04EC0-301F-11D3-BF4B-00C04F79EFBC}") = "ProgressBarDemo", "ProgressBarDemo\ProgressBarDemo\ProgressBarDemo.csproj", "{7BDBDEF3-047F-434F-88E1-2C2F80969847}"
EndProject
Global
	GlobalSection(SolutionConfigurationPlatforms) = preSolution
		Ad-Hoc|Any CPU = Ad-Hoc|Any CPU
		Ad-Hoc|iPhone = Ad-Hoc|iPhone
		Ad-Hoc|iPhoneSimulator = Ad-Hoc|iPhoneSimulator
		AppStore|Any CPU = AppStore|Any CPU
		AppStore|iPhone = AppStore|iPhone
		AppStore|iPhoneSimulator = AppStore|iPhoneSimulator
		Debug|Any CPU = Debug|Any CPU
		Debug|iPhone = Debug|iPhone
		Debug|iPhoneSimulator = Debug|iPhoneSimulator
		Release|Any CPU = Release|Any CPU
		Release|iPhone = Release|iPhone
		Release|iPhoneSimulator = Release|iPhoneSimulator
	EndGlobalSection
	GlobalSection(ProjectConfigurationPlatforms) = postSolution
		{4FBDF7A3-8D23-46FC-AF90-BEA34B3FAE40}.Ad-Hoc|Any CPU.ActiveCfg = Release|Any CPU
		{4FBDF7A3-8D23-46FC-AF90-BEA34B3FAE40}.Ad-Hoc|Any CPU.Build.0 = Release|Any CPU
		{4FBDF7A3-8D23-46FC-AF90-BEA34B3FAE40}.Ad-Hoc|Any CPU.Deploy.0 = Release|Any CPU
		{4FBDF7A3-8D23-46FC-AF90-BEA34B3FAE40}.Ad-Hoc|iPhone.ActiveCfg = Release|Any CPU
		{4FBDF7A3-8D23-46FC-AF90-BEA34B3FAE40}.Ad-Hoc|iPhone.Build.0 = Release|Any CPU
		{4FBDF7A3-8D23-46FC-AF90-BEA34B3FAE40}.Ad-Hoc|iPhone.Deploy.0 = Release|Any CPU
		{4FBDF7A3-8D23-46FC-AF90-BEA34B3FAE40}.Ad-Hoc|iPhoneSimulator.ActiveCfg = Release|Any CPU
		{4FBDF7A3-8D23-46FC-AF90-BEA34B3FAE40}.Ad-Hoc|iPhoneSimulator.Build.0 = Release|Any CPU
		{4FBDF7A3-8D23-46FC-AF90-BEA34B3FAE40}.Ad-Hoc|iPhoneSimulator.Deploy.0 = Release|Any CPU
		{4FBDF7A3-8D23-46FC-AF90-BEA34B3FAE40}.AppStore|Any CPU.ActiveCfg = Release|Any CPU
		{4FBDF7A3-8D23-46FC-AF90-BEA34B3FAE40}.AppStore|Any CPU.Build.0 = Release|Any CPU
		{4FBDF7A3-8D23-46FC-AF90-BEA34B3FAE40}.AppStore|Any CPU.Deploy.0 = Release|Any CPU
		{4FBDF7A3-8D23-46FC-AF90-BEA34B3FAE40}.AppStore|iPhone.ActiveCfg = Release|Any CPU
		{4FBDF7A3-8D23-46FC-AF90-BEA34B3FAE40}.AppStore|iPhone.Build.0 = Release|Any CPU
		{4FBDF7A3-8D23-46FC-AF90-BEA34B3FAE40}.AppStore|iPhone.Deploy.0 = Release|Any CPU
		{4FBDF7A3-8D23-46FC-AF90-BEA34B3FAE40}.AppStore|iPhoneSimulator.ActiveCfg = Release|Any CPU
		{4FBDF7A3-8D23-46FC-AF90-BEA34B3FAE40}.AppStore|iPhoneSimulator.Build.0 = Release|Any CPU
		{4FBDF7A3-8D23-46FC-AF90-BEA34B3FAE40}.AppStore|iPhoneSimulator.Deploy.0 = Release|Any CPU
		{4FBDF7A3-8D23-46FC-AF90-BEA34B3FAE40}.Debug|Any CPU.ActiveCfg = Debug|Any CPU
		{4FBDF7A3-8D23-46FC-AF90-BEA34B3FAE40}.Debug|Any CPU.Build.0 = Debug|Any CPU
		{4FBDF7A3-8D23-46FC-AF90-BEA34B3FAE40}.Debug|Any CPU.Deploy.0 = Debug|Any CPU
		{4FBDF7A3-8D23-46FC-AF90-BEA34B3FAE40}.Debug|iPhone.ActiveCfg = Debug|Any CPU
		{4FBDF7A3-8D23-46FC-AF90-BEA34B3FAE40}.Debug|iPhone.Build.0 = Debug|Any CPU
		{4FBDF7A3-8D23-46FC-AF90-BEA34B3FAE40}.Debug|iPhone.Deploy.0 = Debug|Any CPU
		{4FBDF7A3-8D23-46FC-AF90-BEA34B3FAE40}.Debug|iPhoneSimulator.ActiveCfg = Debug|Any CPU
		{4FBDF7A3-8D23-46FC-AF90-BEA34B3FAE40}.Debug|iPhoneSimulator.Build.0 = Debug|Any CPU
		{4FBDF7A3-8D23-46FC-AF90-BEA34B3FAE40}.Debug|iPhoneSimulator.Deploy.0 = Debug|Any CPU
		{4FBDF7A3-8D23-46FC-AF90-BEA34B3FAE40}.Release|Any CPU.ActiveCfg = Release|Any CPU
		{4FBDF7A3-8D23-46FC-AF90-BEA34B3FAE40}.Release|Any CPU.Build.0 = Release|Any CPU
		{4FBDF7A3-8D23-46FC-AF90-BEA34B3FAE40}.Release|Any CPU.Deploy.0 = Release|Any CPU
		{4FBDF7A3-8D23-46FC-AF90-BEA34B3FAE40}.Release|iPhone.ActiveCfg = Release|Any CPU
		{4FBDF7A3-8D23-46FC-AF90-BEA34B3FAE40}.Release|iPhone.Build.0 = Release|Any CPU
		{4FBDF7A3-8D23-46FC-AF90-BEA34B3FAE40}.Release|iPhone.Deploy.0 = Release|Any CPU
		{4FBDF7A3-8D23-46FC-AF90-BEA34B3FAE40}.Release|iPhoneSimulator.ActiveCfg = Release|Any CPU
		{4FBDF7A3-8D23-46FC-AF90-BEA34B3FAE40}.Release|iPhoneSimulator.Build.0 = Release|Any CPU
		{4FBDF7A3-8D23-46FC-AF90-BEA34B3FAE40}.Release|iPhoneSimulator.Deploy.0 = Release|Any CPU
		{F04D69EA-C5D5-4985-BBA7-2BD8C5915C98}.Ad-Hoc|Any CPU.ActiveCfg = Ad-Hoc|iPhone
		{F04D69EA-C5D5-4985-BBA7-2BD8C5915C98}.Ad-Hoc|Any CPU.Build.0 = Ad-Hoc|iPhone
		{F04D69EA-C5D5-4985-BBA7-2BD8C5915C98}.Ad-Hoc|Any CPU.Deploy.0 = Ad-Hoc|iPhone
		{F04D69EA-C5D5-4985-BBA7-2BD8C5915C98}.Ad-Hoc|iPhone.ActiveCfg = Ad-Hoc|iPhone
		{F04D69EA-C5D5-4985-BBA7-2BD8C5915C98}.Ad-Hoc|iPhone.Build.0 = Ad-Hoc|iPhone
		{F04D69EA-C5D5-4985-BBA7-2BD8C5915C98}.Ad-Hoc|iPhone.Deploy.0 = Ad-Hoc|iPhone
		{F04D69EA-C5D5-4985-BBA7-2BD8C5915C98}.Ad-Hoc|iPhoneSimulator.ActiveCfg = Ad-Hoc|iPhoneSimulator
		{F04D69EA-C5D5-4985-BBA7-2BD8C5915C98}.Ad-Hoc|iPhoneSimulator.Build.0 = Ad-Hoc|iPhoneSimulator
		{F04D69EA-C5D5-4985-BBA7-2BD8C5915C98}.Ad-Hoc|iPhoneSimulator.Deploy.0 = Ad-Hoc|iPhoneSimulator
		{F04D69EA-C5D5-4985-BBA7-2BD8C5915C98}.AppStore|Any CPU.ActiveCfg = AppStore|iPhone
		{F04D69EA-C5D5-4985-BBA7-2BD8C5915C98}.AppStore|Any CPU.Build.0 = AppStore|iPhone
		{F04D69EA-C5D5-4985-BBA7-2BD8C5915C98}.AppStore|Any CPU.Deploy.0 = AppStore|iPhone
		{F04D69EA-C5D5-4985-BBA7-2BD8C5915C98}.AppStore|iPhone.ActiveCfg = AppStore|iPhone
		{F04D69EA-C5D5-4985-BBA7-2BD8C5915C98}.AppStore|iPhone.Build.0 = AppStore|iPhone
		{F04D69EA-C5D5-4985-BBA7-2BD8C5915C98}.AppStore|iPhone.Deploy.0 = AppStore|iPhone
		{F04D69EA-C5D5-4985-BBA7-2BD8C5915C98}.AppStore|iPhoneSimulator.ActiveCfg = AppStore|iPhoneSimulator
		{F04D69EA-C5D5-4985-BBA7-2BD8C5915C98}.AppStore|iPhoneSimulator.Build.0 = AppStore|iPhoneSimulator
		{F04D69EA-C5D5-4985-BBA7-2BD8C5915C98}.AppStore|iPhoneSimulator.Deploy.0 = AppStore|iPhoneSimulator
		{F04D69EA-C5D5-4985-BBA7-2BD8C5915C98}.Debug|Any CPU.ActiveCfg = Debug|iPhoneSimulator
		{F04D69EA-C5D5-4985-BBA7-2BD8C5915C98}.Debug|Any CPU.Build.0 = Debug|iPhoneSimulator
		{F04D69EA-C5D5-4985-BBA7-2BD8C5915C98}.Debug|Any CPU.Deploy.0 = Debug|iPhoneSimulator
		{F04D69EA-C5D5-4985-BBA7-2BD8C5915C98}.Debug|iPhone.ActiveCfg = Debug|iPhone
		{F04D69EA-C5D5-4985-BBA7-2BD8C5915C98}.Debug|iPhone.Build.0 = Debug|iPhone
		{F04D69EA-C5D5-4985-BBA7-2BD8C5915C98}.Debug|iPhone.Deploy.0 = Debug|iPhone
		{F04D69EA-C5D5-4985-BBA7-2BD8C5915C98}.Debug|iPhoneSimulator.ActiveCfg = Debug|iPhoneSimulator
		{F04D69EA-C5D5-4985-BBA7-2BD8C5915C98}.Debug|iPhoneSimulator.Build.0 = Debug|iPhoneSimulator
		{F04D69EA-C5D5-4985-BBA7-2BD8C5915C98}.Debug|iPhoneSimulator.Deploy.0 = Debug|iPhoneSimulator
		{F04D69EA-C5D5-4985-BBA7-2BD8C5915C98}.Release|Any CPU.ActiveCfg = Release|iPhone
		{F04D69EA-C5D5-4985-BBA7-2BD8C5915C98}.Release|Any CPU.Build.0 = Release|iPhone
		{F04D69EA-C5D5-4985-BBA7-2BD8C5915C98}.Release|Any CPU.Deploy.0 = Release|iPhone
		{F04D69EA-C5D5-4985-BBA7-2BD8C5915C98}.Release|iPhone.ActiveCfg = Release|iPhone
		{F04D69EA-C5D5-4985-BBA7-2BD8C5915C98}.Release|iPhone.Build.0 = Release|iPhone
		{F04D69EA-C5D5-4985-BBA7-2BD8C5915C98}.Release|iPhone.Deploy.0 = Release|iPhone
		{F04D69EA-C5D5-4985-BBA7-2BD8C5915C98}.Release|iPhoneSimulator.ActiveCfg = Release|iPhoneSimulator
		{F04D69EA-C5D5-4985-BBA7-2BD8C5915C98}.Release|iPhoneSimulator.Build.0 = Release|iPhoneSimulator
		{F04D69EA-C5D5-4985-BBA7-2BD8C5915C98}.Release|iPhoneSimulator.Deploy.0 = Release|iPhoneSimulator
		{7BDBDEF3-047F-434F-88E1-2C2F80969847}.Ad-Hoc|Any CPU.ActiveCfg = Debug|Any CPU
		{7BDBDEF3-047F-434F-88E1-2C2F80969847}.Ad-Hoc|Any CPU.Build.0 = Debug|Any CPU
		{7BDBDEF3-047F-434F-88E1-2C2F80969847}.Ad-Hoc|Any CPU.Deploy.0 = Debug|Any CPU
		{7BDBDEF3-047F-434F-88E1-2C2F80969847}.Ad-Hoc|iPhone.ActiveCfg = Debug|Any CPU
		{7BDBDEF3-047F-434F-88E1-2C2F80969847}.Ad-Hoc|iPhone.Build.0 = Debug|Any CPU
		{7BDBDEF3-047F-434F-88E1-2C2F80969847}.Ad-Hoc|iPhone.Deploy.0 = Debug|Any CPU
		{7BDBDEF3-047F-434F-88E1-2C2F80969847}.Ad-Hoc|iPhoneSimulator.ActiveCfg = Debug|Any CPU
		{7BDBDEF3-047F-434F-88E1-2C2F80969847}.Ad-Hoc|iPhoneSimulator.Build.0 = Debug|Any CPU
		{7BDBDEF3-047F-434F-88E1-2C2F80969847}.Ad-Hoc|iPhoneSimulator.Deploy.0 = Debug|Any CPU
		{7BDBDEF3-047F-434F-88E1-2C2F80969847}.AppStore|Any CPU.ActiveCfg = Debug|Any CPU
		{7BDBDEF3-047F-434F-88E1-2C2F80969847}.AppStore|Any CPU.Build.0 = Debug|Any CPU
		{7BDBDEF3-047F-434F-88E1-2C2F80969847}.AppStore|Any CPU.Deploy.0 = Debug|Any CPU
		{7BDBDEF3-047F-434F-88E1-2C2F80969847}.AppStore|iPhone.ActiveCfg = Debug|Any CPU
		{7BDBDEF3-047F-434F-88E1-2C2F80969847}.AppStore|iPhone.Build.0 = Debug|Any CPU
		{7BDBDEF3-047F-434F-88E1-2C2F80969847}.AppStore|iPhone.Deploy.0 = Debug|Any CPU
		{7BDBDEF3-047F-434F-88E1-2C2F80969847}.AppStore|iPhoneSimulator.ActiveCfg = Debug|Any CPU
		{7BDBDEF3-047F-434F-88E1-2C2F80969847}.AppStore|iPhoneSimulator.Build.0 = Debug|Any CPU
		{7BDBDEF3-047F-434F-88E1-2C2F80969847}.AppStore|iPhoneSimulator.Deploy.0 = Debug|Any CPU
		{7BDBDEF3-047F-434F-88E1-2C2F80969847}.Debug|Any CPU.ActiveCfg = Debug|Any CPU
		{7BDBDEF3-047F-434F-88E1-2C2F80969847}.Debug|Any CPU.Build.0 = Debug|Any CPU
		{7BDBDEF3-047F-434F-88E1-2C2F80969847}.Debug|Any CPU.Deploy.0 = Debug|Any CPU
		{7BDBDEF3-047F-434F-88E1-2C2F80969847}.Debug|iPhone.ActiveCfg = Debug|Any CPU
		{7BDBDEF3-047F-434F-88E1-2C2F80969847}.Debug|iPhone.Build.0 = Debug|Any CPU
		{7BDBDEF3-047F-434F-88E1-2C2F80969847}.Debug|iPhone.Deploy.0 = Debug|Any CPU
		{7BDBDEF3-047F-434F-88E1-2C2F80969847}.Debug|iPhoneSimulator.ActiveCfg = Debug|Any CPU
		{7BDBDEF3-047F-434F-88E1-2C2F80969847}.Debug|iPhoneSimulator.Build.0 = Debug|Any CPU
		{7BDBDEF3-047F-434F-88E1-2C2F80969847}.Debug|iPhoneSimulator.Deploy.0 = Debug|Any CPU
		{7BDBDEF3-047F-434F-88E1-2C2F80969847}.Release|Any CPU.ActiveCfg = Release|Any CPU
		{7BDBDEF3-047F-434F-88E1-2C2F80969847}.Release|Any CPU.Build.0 = Release|Any CPU
		{7BDBDEF3-047F-434F-88E1-2C2F80969847}.Release|Any CPU.Deploy.0 = Release|Any CPU
		{7BDBDEF3-047F-434F-88E1-2C2F80969847}.Release|iPhone.ActiveCfg = Release|Any CPU
		{7BDBDEF3-047F-434F-88E1-2C2F80969847}.Release|iPhone.Build.0 = Release|Any CPU
		{7BDBDEF3-047F-434F-88E1-2C2F80969847}.Release|iPhone.Deploy.0 = Release|Any CPU
		{7BDBDEF3-047F-434F-88E1-2C2F80969847}.Release|iPhoneSimulator.ActiveCfg = Release|Any CPU
		{7BDBDEF3-047F-434F-88E1-2C2F80969847}.Release|iPhoneSimulator.Build.0 = Release|Any CPU
		{7BDBDEF3-047F-434F-88E1-2C2F80969847}.Release|iPhoneSimulator.Deploy.0 = Release|Any CPU
	EndGlobalSection
	GlobalSection(SolutionProperties) = preSolution
		HideSolutionNode = FALSE
	EndGlobalSection
	GlobalSection(ExtensibilityGlobals) = postSolution
		SolutionGuid = {C9D67E0F-B741-4A72-AD19-F3E4DF1BF434}
	EndGlobalSection
EndGlobal
